
Microsoft Visual Studio Solution File, Format Version 12.00
# Visual Studio Version 17
VisualStudioVersion = 17.4.33213.308
MinimumVisualStudioVersion = 10.0.40219.1
Project("{FAE04EC0-301F-11D3-BF4B-00C04F79EFBC}") = "DataAccessLayer", "Mm.DataAccessLayer\DataAccessLayer.csproj", "{7653688F-D9FA-4B5F-AF50-7893E4BC1EEC}"
EndProject
Project("{FAE04EC0-301F-11D3-BF4B-00C04F79EFBC}") = "DomainModel", "DomainModel\DomainModel.csproj", "{A0115E4D-6ED2-4E90-B211-32CA0AD9187C}"
EndProject
Project("{FAE04EC0-301F-11D3-BF4B-00C04F79EFBC}") = "BusinessLayer", "Mm.BusinessLayer\BusinessLayer.csproj", "{7AADD212-F883-42AC-B199-6C77F79DA123}"
EndProject
Project("{FAE04EC0-301F-11D3-BF4B-00C04F79EFBC}") = "ConsoleClient", "ConsoleClient\ConsoleClient.csproj", "{CFFC41FD-0161-48EE-BA19-EF80CBFEC96F}"
EndProject
Global
	GlobalSection(SolutionConfigurationPlatforms) = preSolution
		Debug|Any CPU = Debug|Any CPU
		Release|Any CPU = Release|Any CPU
	EndGlobalSection
	GlobalSection(ProjectConfigurationPlatforms) = postSolution
		{7653688F-D9FA-4B5F-AF50-7893E4BC1EEC}.Debug|Any CPU.ActiveCfg = Debug|Any CPU
		{7653688F-D9FA-4B5F-AF50-7893E4BC1EEC}.Debug|Any CPU.Build.0 = Debug|Any CPU
		{7653688F-D9FA-4B5F-AF50-7893E4BC1EEC}.Release|Any CPU.ActiveCfg = Release|Any CPU
		{7653688F-D9FA-4B5F-AF50-7893E4BC1EEC}.Release|Any CPU.Build.0 = Release|Any CPU
		{A0115E4D-6ED2-4E90-B211-32CA0AD9187C}.Debug|Any CPU.ActiveCfg = Debug|Any CPU
		{A0115E4D-6ED2-4E90-B211-32CA0AD9187C}.Debug|Any CPU.Build.0 = Debug|Any CPU
		{A0115E4D-6ED2-4E90-B211-32CA0AD9187C}.Release|Any CPU.ActiveCfg = Release|Any CPU
		{A0115E4D-6ED2-4E90-B211-32CA0AD9187C}.Release|Any CPU.Build.0 = Release|Any CPU
		{7AADD212-F883-42AC-B199-6C77F79DA123}.Debug|Any CPU.ActiveCfg = Debug|Any CPU
		{7AADD212-F883-42AC-B199-6C77F79DA123}.Debug|Any CPU.Build.0 = Debug|Any CPU
		{7AADD212-F883-42AC-B199-6C77F79DA123}.Release|Any CPU.ActiveCfg = Release|Any CPU
		{7AADD212-F883-42AC-B199-6C77F79DA123}.Release|Any CPU.Build.0 = Release|Any CPU
		{CFFC41FD-0161-48EE-BA19-EF80CBFEC96F}.Debug|Any CPU.ActiveCfg = Debug|Any CPU
		{CFFC41FD-0161-48EE-BA19-EF80CBFEC96F}.Debug|Any CPU.Build.0 = Debug|Any CPU
		{CFFC41FD-0161-48EE-BA19-EF80CBFEC96F}.Release|Any CPU.ActiveCfg = Release|Any CPU
		{CFFC41FD-0161-48EE-BA19-EF80CBFEC96F}.Release|Any CPU.Build.0 = Release|Any CPU
	EndGlobalSection
	GlobalSection(SolutionProperties) = preSolution
		HideSolutionNode = FALSE
	EndGlobalSection
	GlobalSection(ExtensibilityGlobals) = postSolution
		SolutionGuid = {D1715C8F-D67D-48AD-87F6-F944213BCCD1}
	EndGlobalSection
EndGlobal
